{
  "name": "nucleus-node-demo",
  "lockfileVersion": 3,
  "requires": true,
  "packages": {
    "": {
      "name": "nucleus-node-demo",
      "dependencies": {
        "nucleus-client": "file:../../../clients/typescript"
      }
    },
    "../../../clients/typescript": {
      "name": "nucleus-client",
      "version": "0.1.0",
      "license": "MIT OR Apache-2.0",
      "devDependencies": {
        "typescript": "^5.6.0"
      },
      "engines": {
        "node": ">=18"
      }
    },
    "node_modules/nucleus-client": {
      "resolved": "../../../clients/typescript",
      "link": true
    }
  }
}
